
Microsoft Visual Studio Solution File, Format Version 12.00
# Visual Studio Version 17
VisualStudioVersion = 17.4.33110.190
MinimumVisualStudioVersion = 10.0.40219.1
Project("{FAE04EC0-301F-11D3-BF4B-00C04F79EFBC}") = "AdminGUI", "AdminGUI\AdminGUI.csproj", "{22F903D9-83F2-4167-8663-8D7A7F3C4BB3}"
EndProject
Global
	GlobalSection(SolutionConfigurationPlatforms) = preSolution
		Debug|Any CPU = Debug|Any CPU
		Release|Any CPU = Release|Any CPU
	EndGlobalSection
	GlobalSection(ProjectConfigurationPlatforms) = postSolution
		{22F903D9-83F2-4167-8663-8D7A7F3C4BB3}.Debug|Any CPU.ActiveCfg = Debug|Any CPU
		{22F903D9-83F2-4167-8663-8D7A7F3C4BB3}.Debug|Any CPU.Build.0 = Debug|Any CPU
		{22F903D9-83F2-4167-8663-8D7A7F3C4BB3}.Release|Any CPU.ActiveCfg = Release|Any CPU
		{22F903D9-83F2-4167-8663-8D7A7F3C4BB3}.Release|Any CPU.Build.0 = Release|Any CPU
	EndGlobalSection
	GlobalSection(SolutionProperties) = preSolution
		HideSolutionNode = FALSE
	EndGlobalSection
	GlobalSection(ExtensibilityGlobals) = postSolution
		SolutionGuid = {580CE08B-7553-43C3-A487-2EC5BA93EFB6}
	EndGlobalSection
EndGlobal
